{
  "version": 4,
  "terraform_version": "1.7.5",
  "serial": 93,
  "lineage": "ade50582-bd08-2485-3e65-fabebac49049",
  "outputs": {},
  "resources": [
    {
      "module": "module.module_dev",
      "mode": "managed",
      "type": "azurerm_network_interface",
      "name": "nic1",
      "provider": "module.module_dev.provider[\"registry.terraform.io/hashicorp/azurerm\"]",
      "instances": [
        {
          "schema_version": 0,
          "attributes": {
            "applied_dns_servers": [],
            "dns_servers": [],
            "edge_zone": "",
            "enable_accelerated_networking": false,
            "enable_ip_forwarding": false,
            "id": "/subscriptions/28a659e3-7f8b-4051-8037-2fc40fed19d3/resourceGroups/DevRG/providers/Microsoft.Network/networkInterfaces/dev-nic",
            "internal_dns_name_label": "",
            "internal_domain_name_suffix": "l4sx2ch3gniupo2plso3fwk5hb.bx.internal.cloudapp.net",
            "ip_configuration": [
              {
                "gateway_load_balancer_frontend_ip_configuration_id": "",
                "name": "internal",
                "primary": true,
                "private_ip_address": "10.20.1.4",
                "private_ip_address_allocation": "Dynamic",
                "private_ip_address_version": "IPv4",
                "public_ip_address_id": "",
                "subnet_id": "/subscriptions/28a659e3-7f8b-4051-8037-2fc40fed19d3/resourceGroups/DevRG/providers/Microsoft.Network/virtualNetworks/dev-10/subnets/DevSubnet"
              }
            ],
            "location": "eastus",
            "mac_address": "7C-1E-52-18-26-20",
            "name": "dev-nic",
            "private_ip_address": "10.20.1.4",
            "private_ip_addresses": [
              "10.20.1.4"
            ],
            "resource_group_name": "DevRG",
            "tags": {},
            "timeouts": null,
            "virtual_machine_id": "/subscriptions/28a659e3-7f8b-4051-8037-2fc40fed19d3/resourceGroups/DevRG/providers/Microsoft.Compute/virtualMachines/dev-vmt01"
          },
          "sensitive_attributes": [],
          "private": "eyJlMmJmYjczMC1lY2FhLTExZTYtOGY4OC0zNDM2M2JjN2M0YzAiOnsiY3JlYXRlIjoxODAwMDAwMDAwMDAwLCJkZWxldGUiOjE4MDAwMDAwMDAwMDAsInJlYWQiOjMwMDAwMDAwMDAwMCwidXBkYXRlIjoxODAwMDAwMDAwMDAwfX0=",
          "dependencies": [
            "module.module_dev.azurerm_resource_group.rg",
            "module.module_dev.azurerm_subnet.subnet1",
            "module.module_dev.azurerm_virtual_network.vnet1"
          ]
        }
      ]
    },
    {
      "module": "module.module_dev",
      "mode": "managed",
      "type": "azurerm_network_security_group",
      "name": "nsg1",
      "provider": "module.module_dev.provider[\"registry.terraform.io/hashicorp/azurerm\"]",
      "instances": [
        {
          "schema_version": 0,
          "attributes": {
            "id": "/subscriptions/28a659e3-7f8b-4051-8037-2fc40fed19d3/resourceGroups/DevRG/providers/Microsoft.Network/networkSecurityGroups/dev-nsg1",
            "location": "eastus",
            "name": "dev-nsg1",
            "resource_group_name": "DevRG",
            "security_rule": [
              {
                "access": "Allow",
                "description": "",
                "destination_address_prefix": "*",
                "destination_address_prefixes": [],
                "destination_application_security_group_ids": [],
                "destination_port_range": "3389",
                "destination_port_ranges": [],
                "direction": "Inbound",
                "name": "rdp",
                "priority": 102,
                "protocol": "Tcp",
                "source_address_prefix": "*",
                "source_address_prefixes": [],
                "source_application_security_group_ids": [],
                "source_port_range": "*",
                "source_port_ranges": []
              }
            ],
            "tags": {},
            "timeouts": null
          },
          "sensitive_attributes": [],
          "private": "eyJlMmJmYjczMC1lY2FhLTExZTYtOGY4OC0zNDM2M2JjN2M0YzAiOnsiY3JlYXRlIjoxODAwMDAwMDAwMDAwLCJkZWxldGUiOjE4MDAwMDAwMDAwMDAsInJlYWQiOjMwMDAwMDAwMDAwMCwidXBkYXRlIjoxODAwMDAwMDAwMDAwfX0=",
          "dependencies": [
            "module.module_dev.azurerm_resource_group.rg"
          ]
        }
      ]
    },
    {
      "module": "module.module_dev",
      "mode": "managed",
      "type": "azurerm_network_security_rule",
      "name": "rdp",
      "provider": "module.module_dev.provider[\"registry.terraform.io/hashicorp/azurerm\"]",
      "instances": [
        {
          "schema_version": 0,
          "attributes": {
            "access": "Allow",
            "description": "",
            "destination_address_prefix": "*",
            "destination_address_prefixes": [],
            "destination_application_security_group_ids": [],
            "destination_port_range": "3389",
            "destination_port_ranges": [],
            "direction": "Inbound",
            "id": "/subscriptions/28a659e3-7f8b-4051-8037-2fc40fed19d3/resourceGroups/DevRG/providers/Microsoft.Network/networkSecurityGroups/dev-nsg1/securityRules/rdp",
            "name": "rdp",
            "network_security_group_name": "dev-nsg1",
            "priority": 102,
            "protocol": "Tcp",
            "resource_group_name": "DevRG",
            "source_address_prefix": "*",
            "source_address_prefixes": [],
            "source_application_security_group_ids": [],
            "source_port_range": "*",
            "source_port_ranges": [],
            "timeouts": null
          },
          "sensitive_attributes": [],
          "private": "eyJlMmJmYjczMC1lY2FhLTExZTYtOGY4OC0zNDM2M2JjN2M0YzAiOnsiY3JlYXRlIjoxODAwMDAwMDAwMDAwLCJkZWxldGUiOjE4MDAwMDAwMDAwMDAsInJlYWQiOjMwMDAwMDAwMDAwMCwidXBkYXRlIjoxODAwMDAwMDAwMDAwfX0=",
          "dependencies": [
            "module.module_dev.azurerm_network_security_group.nsg1",
            "module.module_dev.azurerm_resource_group.rg"
          ]
        }
      ]
    },
    {
      "module": "module.module_dev",
      "mode": "managed",
      "type": "azurerm_resource_group",
      "name": "rg",
      "provider": "module.module_dev.provider[\"registry.terraform.io/hashicorp/azurerm\"]",
      "instances": [
        {
          "schema_version": 0,
          "attributes": {
            "id": "/subscriptions/28a659e3-7f8b-4051-8037-2fc40fed19d3/resourceGroups/DevRG",
            "location": "eastus",
            "name": "DevRG",
            "tags": {
              "Environment": "Terraform Demo"
            },
            "timeouts": null
          },
          "sensitive_attributes": [],
          "private": "eyJlMmJmYjczMC1lY2FhLTExZTYtOGY4OC0zNDM2M2JjN2M0YzAiOnsiY3JlYXRlIjo1NDAwMDAwMDAwMDAwLCJkZWxldGUiOjU0MDAwMDAwMDAwMDAsInJlYWQiOjMwMDAwMDAwMDAwMCwidXBkYXRlIjo1NDAwMDAwMDAwMDAwfX0="
        }
      ]
    },
    {
      "module": "module.module_dev",
      "mode": "managed",
      "type": "azurerm_subnet",
      "name": "subnet1",
      "provider": "module.module_dev.provider[\"registry.terraform.io/hashicorp/azurerm\"]",
      "instances": [
        {
          "schema_version": 0,
          "attributes": {
            "address_prefixes": [
              "10.20.1.0/24"
            ],
            "delegation": [],
            "enforce_private_link_endpoint_network_policies": false,
            "enforce_private_link_service_network_policies": false,
            "id": "/subscriptions/28a659e3-7f8b-4051-8037-2fc40fed19d3/resourceGroups/DevRG/providers/Microsoft.Network/virtualNetworks/dev-10/subnets/DevSubnet",
            "name": "DevSubnet",
            "resource_group_name": "DevRG",
            "service_endpoint_policy_ids": [],
            "service_endpoints": [],
            "timeouts": null,
            "virtual_network_name": "dev-10"
          },
          "sensitive_attributes": [],
          "private": "eyJlMmJmYjczMC1lY2FhLTExZTYtOGY4OC0zNDM2M2JjN2M0YzAiOnsiY3JlYXRlIjoxODAwMDAwMDAwMDAwLCJkZWxldGUiOjE4MDAwMDAwMDAwMDAsInJlYWQiOjMwMDAwMDAwMDAwMCwidXBkYXRlIjoxODAwMDAwMDAwMDAwfX0=",
          "dependencies": [
            "module.module_dev.azurerm_resource_group.rg",
            "module.module_dev.azurerm_virtual_network.vnet1"
          ]
        }
      ]
    },
    {
      "module": "module.module_dev",
      "mode": "managed",
      "type": "azurerm_subnet_network_security_group_association",
      "name": "nsg_subnet_assoc",
      "provider": "module.module_dev.provider[\"registry.terraform.io/hashicorp/azurerm\"]",
      "instances": [
        {
          "schema_version": 0,
          "attributes": {
            "id": "/subscriptions/28a659e3-7f8b-4051-8037-2fc40fed19d3/resourceGroups/DevRG/providers/Microsoft.Network/virtualNetworks/dev-10/subnets/DevSubnet",
            "network_security_group_id": "/subscriptions/28a659e3-7f8b-4051-8037-2fc40fed19d3/resourceGroups/DevRG/providers/Microsoft.Network/networkSecurityGroups/dev-nsg1",
            "subnet_id": "/subscriptions/28a659e3-7f8b-4051-8037-2fc40fed19d3/resourceGroups/DevRG/providers/Microsoft.Network/virtualNetworks/dev-10/subnets/DevSubnet",
            "timeouts": null
          },
          "sensitive_attributes": [],
          "private": "eyJlMmJmYjczMC1lY2FhLTExZTYtOGY4OC0zNDM2M2JjN2M0YzAiOnsiY3JlYXRlIjoxODAwMDAwMDAwMDAwLCJkZWxldGUiOjE4MDAwMDAwMDAwMDAsInJlYWQiOjMwMDAwMDAwMDAwMCwidXBkYXRlIjoxODAwMDAwMDAwMDAwfX0=",
          "dependencies": [
            "module.module_dev.azurerm_network_security_group.nsg1",
            "module.module_dev.azurerm_resource_group.rg",
            "module.module_dev.azurerm_subnet.subnet1",
            "module.module_dev.azurerm_virtual_network.vnet1"
          ]
        }
      ]
    },
    {
      "module": "module.module_dev",
      "mode": "managed",
      "type": "azurerm_virtual_network",
      "name": "vnet1",
      "provider": "module.module_dev.provider[\"registry.terraform.io/hashicorp/azurerm\"]",
      "instances": [
        {
          "schema_version": 0,
          "attributes": {
            "address_space": [
              "10.20.0.0/16"
            ],
            "bgp_community": "",
            "ddos_protection_plan": [],
            "dns_servers": [],
            "edge_zone": "",
            "flow_timeout_in_minutes": 0,
            "guid": "087ea55f-33fd-4751-bb8f-5c9dd2d95f39",
            "id": "/subscriptions/28a659e3-7f8b-4051-8037-2fc40fed19d3/resourceGroups/DevRG/providers/Microsoft.Network/virtualNetworks/dev-10",
            "location": "eastus",
            "name": "dev-10",
            "resource_group_name": "DevRG",
            "subnet": [
              {
                "address_prefix": "10.20.1.0/24",
                "id": "/subscriptions/28a659e3-7f8b-4051-8037-2fc40fed19d3/resourceGroups/DevRG/providers/Microsoft.Network/virtualNetworks/dev-10/subnets/DevSubnet",
                "name": "DevSubnet",
                "security_group": "/subscriptions/28a659e3-7f8b-4051-8037-2fc40fed19d3/resourceGroups/DevRG/providers/Microsoft.Network/networkSecurityGroups/dev-nsg1"
              }
            ],
            "tags": {},
            "timeouts": null
          },
          "sensitive_attributes": [],
          "private": "eyJlMmJmYjczMC1lY2FhLTExZTYtOGY4OC0zNDM2M2JjN2M0YzAiOnsiY3JlYXRlIjoxODAwMDAwMDAwMDAwLCJkZWxldGUiOjE4MDAwMDAwMDAwMDAsInJlYWQiOjMwMDAwMDAwMDAwMCwidXBkYXRlIjoxODAwMDAwMDAwMDAwfX0=",
          "dependencies": [
            "module.module_dev.azurerm_resource_group.rg"
          ]
        }
      ]
    },
    {
      "module": "module.module_dev",
      "mode": "managed",
      "type": "azurerm_windows_virtual_machine",
      "name": "main",
      "provider": "module.module_dev.provider[\"registry.terraform.io/hashicorp/azurerm\"]",
      "instances": [
        {
          "schema_version": 0,
          "attributes": {
            "additional_capabilities": [],
            "additional_unattend_content": [],
            "admin_password": "Password123!",
            "admin_username": "adminuser",
            "allow_extension_operations": true,
            "availability_set_id": "",
            "boot_diagnostics": [],
            "computer_name": "dev-vmt01",
            "custom_data": null,
            "dedicated_host_group_id": "",
            "dedicated_host_id": "",
            "edge_zone": "",
            "enable_automatic_updates": true,
            "encryption_at_host_enabled": false,
            "eviction_policy": "",
            "extensions_time_budget": "PT1H30M",
            "hotpatching_enabled": false,
            "id": "/subscriptions/28a659e3-7f8b-4051-8037-2fc40fed19d3/resourceGroups/DevRG/providers/Microsoft.Compute/virtualMachines/dev-vmt01",
            "identity": [],
            "license_type": "",
            "location": "eastus",
            "max_bid_price": -1,
            "name": "dev-vmt01",
            "network_interface_ids": [
              "/subscriptions/28a659e3-7f8b-4051-8037-2fc40fed19d3/resourceGroups/DevRG/providers/Microsoft.Network/networkInterfaces/dev-nic"
            ],
            "os_disk": [
              {
                "caching": "ReadWrite",
                "diff_disk_settings": [],
                "disk_encryption_set_id": "",
                "disk_size_gb": 127,
                "name": "dev-vmt01_OsDisk_1_5c2935c4e42840e2a78cefac4806af37",
                "storage_account_type": "Standard_LRS",
                "write_accelerator_enabled": false
              }
            ],
            "patch_mode": "AutomaticByOS",
            "plan": [],
            "platform_fault_domain": -1,
            "priority": "Regular",
            "private_ip_address": "10.20.1.4",
            "private_ip_addresses": [
              "10.20.1.4"
            ],
            "provision_vm_agent": true,
            "proximity_placement_group_id": "",
            "public_ip_address": "",
            "public_ip_addresses": [],
            "resource_group_name": "DevRG",
            "secret": [],
            "secure_boot_enabled": false,
            "size": "Standard_B1s",
            "source_image_id": "",
            "source_image_reference": [
              {
                "offer": "WindowsServer",
                "publisher": "MicrosoftWindowsServer",
                "sku": "2012-R2-Datacenter",
                "version": "latest"
              }
            ],
            "tags": {},
            "termination_notification": [],
            "timeouts": null,
            "timezone": "",
            "user_data": "",
            "virtual_machine_id": "c341e24b-987d-4750-8bb9-b906cd2de758",
            "virtual_machine_scale_set_id": "",
            "vtpm_enabled": false,
            "winrm_listener": [],
            "zone": ""
          },
          "sensitive_attributes": [],
          "private": "eyJlMmJmYjczMC1lY2FhLTExZTYtOGY4OC0zNDM2M2JjN2M0YzAiOnsiY3JlYXRlIjoyNzAwMDAwMDAwMDAwLCJkZWxldGUiOjI3MDAwMDAwMDAwMDAsInJlYWQiOjMwMDAwMDAwMDAwMCwidXBkYXRlIjoyNzAwMDAwMDAwMDAwfX0=",
          "dependencies": [
            "module.module_dev.azurerm_network_interface.nic1",
            "module.module_dev.azurerm_resource_group.rg",
            "module.module_dev.azurerm_subnet.subnet1",
            "module.module_dev.azurerm_virtual_network.vnet1"
          ]
        }
      ]
    },
    {
      "module": "module.module_prod",
      "mode": "managed",
      "type": "azurerm_network_interface",
      "name": "nic1",
      "provider": "module.module_prod.provider[\"registry.terraform.io/hashicorp/azurerm\"]",
      "instances": [
        {
          "schema_version": 0,
          "attributes": {
            "applied_dns_servers": [],
            "dns_servers": [],
            "edge_zone": "",
            "enable_accelerated_networking": false,
            "enable_ip_forwarding": false,
            "id": "/subscriptions/28a659e3-7f8b-4051-8037-2fc40fed19d3/resourceGroups/ProdRG/providers/Microsoft.Network/networkInterfaces/prod-nic",
            "internal_dns_name_label": "",
            "internal_domain_name_suffix": "ujdwzkegeruuncutoe2lzy44wg.bx.internal.cloudapp.net",
            "ip_configuration": [
              {
                "gateway_load_balancer_frontend_ip_configuration_id": "",
                "name": "internal",
                "primary": true,
                "private_ip_address": "10.40.1.4",
                "private_ip_address_allocation": "Dynamic",
                "private_ip_address_version": "IPv4",
                "public_ip_address_id": "",
                "subnet_id": "/subscriptions/28a659e3-7f8b-4051-8037-2fc40fed19d3/resourceGroups/ProdRG/providers/Microsoft.Network/virtualNetworks/prod-10/subnets/ProdSubnet"
              }
            ],
            "location": "eastus",
            "mac_address": "",
            "name": "prod-nic",
            "private_ip_address": "10.40.1.4",
            "private_ip_addresses": [
              "10.40.1.4"
            ],
            "resource_group_name": "ProdRG",
            "tags": null,
            "timeouts": null,
            "virtual_machine_id": ""
          },
          "sensitive_attributes": [],
          "private": "eyJlMmJmYjczMC1lY2FhLTExZTYtOGY4OC0zNDM2M2JjN2M0YzAiOnsiY3JlYXRlIjoxODAwMDAwMDAwMDAwLCJkZWxldGUiOjE4MDAwMDAwMDAwMDAsInJlYWQiOjMwMDAwMDAwMDAwMCwidXBkYXRlIjoxODAwMDAwMDAwMDAwfX0=",
          "dependencies": [
            "module.module_prod.azurerm_resource_group.rg",
            "module.module_prod.azurerm_subnet.subnet1",
            "module.module_prod.azurerm_virtual_network.vnet1"
          ]
        }
      ]
    },
    {
      "module": "module.module_prod",
      "mode": "managed",
      "type": "azurerm_network_security_group",
      "name": "nsg1",
      "provider": "module.module_prod.provider[\"registry.terraform.io/hashicorp/azurerm\"]",
      "instances": [
        {
          "schema_version": 0,
          "attributes": {
            "id": "/subscriptions/28a659e3-7f8b-4051-8037-2fc40fed19d3/resourceGroups/ProdRG/providers/Microsoft.Network/networkSecurityGroups/prod-nsg1",
            "location": "eastus",
            "name": "prod-nsg1",
            "resource_group_name": "ProdRG",
            "security_rule": [],
            "tags": null,
            "timeouts": null
          },
          "sensitive_attributes": [],
          "private": "eyJlMmJmYjczMC1lY2FhLTExZTYtOGY4OC0zNDM2M2JjN2M0YzAiOnsiY3JlYXRlIjoxODAwMDAwMDAwMDAwLCJkZWxldGUiOjE4MDAwMDAwMDAwMDAsInJlYWQiOjMwMDAwMDAwMDAwMCwidXBkYXRlIjoxODAwMDAwMDAwMDAwfX0=",
          "dependencies": [
            "module.module_prod.azurerm_resource_group.rg"
          ]
        }
      ]
    },
    {
      "module": "module.module_prod",
      "mode": "managed",
      "type": "azurerm_network_security_rule",
      "name": "rdp",
      "provider": "module.module_prod.provider[\"registry.terraform.io/hashicorp/azurerm\"]",
      "instances": [
        {
          "schema_version": 0,
          "attributes": {
            "access": "Allow",
            "description": "",
            "destination_address_prefix": "*",
            "destination_address_prefixes": null,
            "destination_application_security_group_ids": null,
            "destination_port_range": "3389",
            "destination_port_ranges": null,
            "direction": "Inbound",
            "id": "/subscriptions/28a659e3-7f8b-4051-8037-2fc40fed19d3/resourceGroups/ProdRG/providers/Microsoft.Network/networkSecurityGroups/prod-nsg1/securityRules/rdp",
            "name": "rdp",
            "network_security_group_name": "prod-nsg1",
            "priority": 102,
            "protocol": "Tcp",
            "resource_group_name": "ProdRG",
            "source_address_prefix": "*",
            "source_address_prefixes": null,
            "source_application_security_group_ids": null,
            "source_port_range": "*",
            "source_port_ranges": null,
            "timeouts": null
          },
          "sensitive_attributes": [],
          "private": "eyJlMmJmYjczMC1lY2FhLTExZTYtOGY4OC0zNDM2M2JjN2M0YzAiOnsiY3JlYXRlIjoxODAwMDAwMDAwMDAwLCJkZWxldGUiOjE4MDAwMDAwMDAwMDAsInJlYWQiOjMwMDAwMDAwMDAwMCwidXBkYXRlIjoxODAwMDAwMDAwMDAwfX0=",
          "dependencies": [
            "module.module_prod.azurerm_network_security_group.nsg1",
            "module.module_prod.azurerm_resource_group.rg"
          ]
        }
      ]
    },
    {
      "module": "module.module_prod",
      "mode": "managed",
      "type": "azurerm_resource_group",
      "name": "rg",
      "provider": "module.module_prod.provider[\"registry.terraform.io/hashicorp/azurerm\"]",
      "instances": [
        {
          "schema_version": 0,
          "attributes": {
            "id": "/subscriptions/28a659e3-7f8b-4051-8037-2fc40fed19d3/resourceGroups/ProdRG",
            "location": "eastus",
            "name": "ProdRG",
            "tags": {
              "Environment": "Terraform Demo"
            },
            "timeouts": null
          },
          "sensitive_attributes": [],
          "private": "eyJlMmJmYjczMC1lY2FhLTExZTYtOGY4OC0zNDM2M2JjN2M0YzAiOnsiY3JlYXRlIjo1NDAwMDAwMDAwMDAwLCJkZWxldGUiOjU0MDAwMDAwMDAwMDAsInJlYWQiOjMwMDAwMDAwMDAwMCwidXBkYXRlIjo1NDAwMDAwMDAwMDAwfX0="
        }
      ]
    },
    {
      "module": "module.module_prod",
      "mode": "managed",
      "type": "azurerm_subnet",
      "name": "subnet1",
      "provider": "module.module_prod.provider[\"registry.terraform.io/hashicorp/azurerm\"]",
      "instances": [
        {
          "schema_version": 0,
          "attributes": {
            "address_prefixes": [
              "10.40.1.0/24"
            ],
            "delegation": [],
            "enforce_private_link_endpoint_network_policies": false,
            "enforce_private_link_service_network_policies": false,
            "id": "/subscriptions/28a659e3-7f8b-4051-8037-2fc40fed19d3/resourceGroups/ProdRG/providers/Microsoft.Network/virtualNetworks/prod-10/subnets/ProdSubnet",
            "name": "ProdSubnet",
            "resource_group_name": "ProdRG",
            "service_endpoint_policy_ids": null,
            "service_endpoints": null,
            "timeouts": null,
            "virtual_network_name": "prod-10"
          },
          "sensitive_attributes": [],
          "private": "eyJlMmJmYjczMC1lY2FhLTExZTYtOGY4OC0zNDM2M2JjN2M0YzAiOnsiY3JlYXRlIjoxODAwMDAwMDAwMDAwLCJkZWxldGUiOjE4MDAwMDAwMDAwMDAsInJlYWQiOjMwMDAwMDAwMDAwMCwidXBkYXRlIjoxODAwMDAwMDAwMDAwfX0=",
          "dependencies": [
            "module.module_prod.azurerm_resource_group.rg",
            "module.module_prod.azurerm_virtual_network.vnet1"
          ]
        }
      ]
    },
    {
      "module": "module.module_prod",
      "mode": "managed",
      "type": "azurerm_subnet_network_security_group_association",
      "name": "nsg_subnet_assoc",
      "provider": "module.module_prod.provider[\"registry.terraform.io/hashicorp/azurerm\"]",
      "instances": [
        {
          "schema_version": 0,
          "attributes": {
            "id": "/subscriptions/28a659e3-7f8b-4051-8037-2fc40fed19d3/resourceGroups/ProdRG/providers/Microsoft.Network/virtualNetworks/prod-10/subnets/ProdSubnet",
            "network_security_group_id": "/subscriptions/28a659e3-7f8b-4051-8037-2fc40fed19d3/resourceGroups/ProdRG/providers/Microsoft.Network/networkSecurityGroups/prod-nsg1",
            "subnet_id": "/subscriptions/28a659e3-7f8b-4051-8037-2fc40fed19d3/resourceGroups/ProdRG/providers/Microsoft.Network/virtualNetworks/prod-10/subnets/ProdSubnet",
            "timeouts": null
          },
          "sensitive_attributes": [],
          "private": "eyJlMmJmYjczMC1lY2FhLTExZTYtOGY4OC0zNDM2M2JjN2M0YzAiOnsiY3JlYXRlIjoxODAwMDAwMDAwMDAwLCJkZWxldGUiOjE4MDAwMDAwMDAwMDAsInJlYWQiOjMwMDAwMDAwMDAwMCwidXBkYXRlIjoxODAwMDAwMDAwMDAwfX0=",
          "dependencies": [
            "module.module_prod.azurerm_network_security_group.nsg1",
            "module.module_prod.azurerm_resource_group.rg",
            "module.module_prod.azurerm_subnet.subnet1",
            "module.module_prod.azurerm_virtual_network.vnet1"
          ]
        }
      ]
    },
    {
      "module": "module.module_prod",
      "mode": "managed",
      "type": "azurerm_virtual_network",
      "name": "vnet1",
      "provider": "module.module_prod.provider[\"registry.terraform.io/hashicorp/azurerm\"]",
      "instances": [
        {
          "schema_version": 0,
          "attributes": {
            "address_space": [
              "10.40.0.0/16"
            ],
            "bgp_community": "",
            "ddos_protection_plan": [],
            "dns_servers": [],
            "edge_zone": "",
            "flow_timeout_in_minutes": 0,
            "guid": "a86c47a2-2486-4669-8a93-7138bce3deb6",
            "id": "/subscriptions/28a659e3-7f8b-4051-8037-2fc40fed19d3/resourceGroups/ProdRG/providers/Microsoft.Network/virtualNetworks/prod-10",
            "location": "eastus",
            "name": "prod-10",
            "resource_group_name": "ProdRG",
            "subnet": [],
            "tags": null,
            "timeouts": null
          },
          "sensitive_attributes": [],
          "private": "eyJlMmJmYjczMC1lY2FhLTExZTYtOGY4OC0zNDM2M2JjN2M0YzAiOnsiY3JlYXRlIjoxODAwMDAwMDAwMDAwLCJkZWxldGUiOjE4MDAwMDAwMDAwMDAsInJlYWQiOjMwMDAwMDAwMDAwMCwidXBkYXRlIjoxODAwMDAwMDAwMDAwfX0=",
          "dependencies": [
            "module.module_prod.azurerm_resource_group.rg"
          ]
        }
      ]
    },
    {
      "module": "module.module_prod",
      "mode": "managed",
      "type": "azurerm_windows_virtual_machine",
      "name": "main",
      "provider": "module.module_prod.provider[\"registry.terraform.io/hashicorp/azurerm\"]",
      "instances": [
        {
          "schema_version": 0,
          "attributes": {
            "additional_capabilities": [],
            "additional_unattend_content": [],
            "admin_password": "Password123!",
            "admin_username": "adminuser",
            "allow_extension_operations": true,
            "availability_set_id": "",
            "boot_diagnostics": [],
            "computer_name": "prod-vmt01",
            "custom_data": null,
            "dedicated_host_group_id": "",
            "dedicated_host_id": "",
            "edge_zone": "",
            "enable_automatic_updates": true,
            "encryption_at_host_enabled": false,
            "eviction_policy": "",
            "extensions_time_budget": "PT1H30M",
            "hotpatching_enabled": false,
            "id": "/subscriptions/28a659e3-7f8b-4051-8037-2fc40fed19d3/resourceGroups/ProdRG/providers/Microsoft.Compute/virtualMachines/prod-vmt01",
            "identity": [],
            "license_type": "",
            "location": "eastus",
            "max_bid_price": -1,
            "name": "prod-vmt01",
            "network_interface_ids": [
              "/subscriptions/28a659e3-7f8b-4051-8037-2fc40fed19d3/resourceGroups/ProdRG/providers/Microsoft.Network/networkInterfaces/prod-nic"
            ],
            "os_disk": [
              {
                "caching": "ReadWrite",
                "diff_disk_settings": [],
                "disk_encryption_set_id": "",
                "disk_size_gb": 127,
                "name": "prod-vmt01_OsDisk_1_50dbe632ca1346d9bb75e457d7b2feac",
                "storage_account_type": "Standard_LRS",
                "write_accelerator_enabled": false
              }
            ],
            "patch_mode": "AutomaticByOS",
            "plan": [],
            "platform_fault_domain": -1,
            "priority": "Regular",
            "private_ip_address": "10.40.1.4",
            "private_ip_addresses": [
              "10.40.1.4"
            ],
            "provision_vm_agent": true,
            "proximity_placement_group_id": "",
            "public_ip_address": "",
            "public_ip_addresses": [],
            "resource_group_name": "ProdRG",
            "secret": [],
            "secure_boot_enabled": false,
            "size": "Standard_B1s",
            "source_image_id": "",
            "source_image_reference": [
              {
                "offer": "WindowsServer",
                "publisher": "MicrosoftWindowsServer",
                "sku": "2012-R2-Datacenter",
                "version": "latest"
              }
            ],
            "tags": null,
            "termination_notification": null,
            "timeouts": null,
            "timezone": "",
            "user_data": "",
            "virtual_machine_id": "951fb3e4-d9a6-402d-be47-a95460d2f0de",
            "virtual_machine_scale_set_id": "",
            "vtpm_enabled": false,
            "winrm_listener": [],
            "zone": ""
          },
          "sensitive_attributes": [],
          "private": "eyJlMmJmYjczMC1lY2FhLTExZTYtOGY4OC0zNDM2M2JjN2M0YzAiOnsiY3JlYXRlIjoyNzAwMDAwMDAwMDAwLCJkZWxldGUiOjI3MDAwMDAwMDAwMDAsInJlYWQiOjMwMDAwMDAwMDAwMCwidXBkYXRlIjoyNzAwMDAwMDAwMDAwfX0=",
          "dependencies": [
            "module.module_prod.azurerm_network_interface.nic1",
            "module.module_prod.azurerm_resource_group.rg",
            "module.module_prod.azurerm_subnet.subnet1",
            "module.module_prod.azurerm_virtual_network.vnet1"
          ]
        }
      ]
    },
    {
      "module": "module.module_uat",
      "mode": "managed",
      "type": "azurerm_network_interface",
      "name": "nic1",
      "provider": "module.module_uat.provider[\"registry.terraform.io/hashicorp/azurerm\"]",
      "instances": [
        {
          "schema_version": 0,
          "attributes": {
            "applied_dns_servers": [],
            "dns_servers": [],
            "edge_zone": "",
            "enable_accelerated_networking": false,
            "enable_ip_forwarding": false,
            "id": "/subscriptions/28a659e3-7f8b-4051-8037-2fc40fed19d3/resourceGroups/UATRG/providers/Microsoft.Network/networkInterfaces/uat-nic",
            "internal_dns_name_label": "",
            "internal_domain_name_suffix": "sve0eys15pnuxofvh1dll11qzg.bx.internal.cloudapp.net",
            "ip_configuration": [
              {
                "gateway_load_balancer_frontend_ip_configuration_id": "",
                "name": "internal",
                "primary": true,
                "private_ip_address": "10.30.1.4",
                "private_ip_address_allocation": "Dynamic",
                "private_ip_address_version": "IPv4",
                "public_ip_address_id": "",
                "subnet_id": "/subscriptions/28a659e3-7f8b-4051-8037-2fc40fed19d3/resourceGroups/UATRG/providers/Microsoft.Network/virtualNetworks/uat-10/subnets/UATSubnet"
              }
            ],
            "location": "eastus",
            "mac_address": "7C-1E-52-1C-40-7D",
            "name": "uat-nic",
            "private_ip_address": "10.30.1.4",
            "private_ip_addresses": [
              "10.30.1.4"
            ],
            "resource_group_name": "UATRG",
            "tags": {},
            "timeouts": null,
            "virtual_machine_id": "/subscriptions/28a659e3-7f8b-4051-8037-2fc40fed19d3/resourceGroups/UATRG/providers/Microsoft.Compute/virtualMachines/uat-vmt01"
          },
          "sensitive_attributes": [],
          "private": "eyJlMmJmYjczMC1lY2FhLTExZTYtOGY4OC0zNDM2M2JjN2M0YzAiOnsiY3JlYXRlIjoxODAwMDAwMDAwMDAwLCJkZWxldGUiOjE4MDAwMDAwMDAwMDAsInJlYWQiOjMwMDAwMDAwMDAwMCwidXBkYXRlIjoxODAwMDAwMDAwMDAwfX0=",
          "dependencies": [
            "module.module_uat.azurerm_resource_group.rg",
            "module.module_uat.azurerm_subnet.subnet1",
            "module.module_uat.azurerm_virtual_network.vnet1"
          ]
        }
      ]
    },
    {
      "module": "module.module_uat",
      "mode": "managed",
      "type": "azurerm_network_security_group",
      "name": "nsg1",
      "provider": "module.module_uat.provider[\"registry.terraform.io/hashicorp/azurerm\"]",
      "instances": [
        {
          "schema_version": 0,
          "attributes": {
            "id": "/subscriptions/28a659e3-7f8b-4051-8037-2fc40fed19d3/resourceGroups/UATRG/providers/Microsoft.Network/networkSecurityGroups/uat-nsg1",
            "location": "eastus",
            "name": "uat-nsg1",
            "resource_group_name": "UATRG",
            "security_rule": [
              {
                "access": "Allow",
                "description": "",
                "destination_address_prefix": "*",
                "destination_address_prefixes": [],
                "destination_application_security_group_ids": [],
                "destination_port_range": "3389",
                "destination_port_ranges": [],
                "direction": "Inbound",
                "name": "rdp",
                "priority": 102,
                "protocol": "Tcp",
                "source_address_prefix": "*",
                "source_address_prefixes": [],
                "source_application_security_group_ids": [],
                "source_port_range": "*",
                "source_port_ranges": []
              }
            ],
            "tags": {},
            "timeouts": null
          },
          "sensitive_attributes": [],
          "private": "eyJlMmJmYjczMC1lY2FhLTExZTYtOGY4OC0zNDM2M2JjN2M0YzAiOnsiY3JlYXRlIjoxODAwMDAwMDAwMDAwLCJkZWxldGUiOjE4MDAwMDAwMDAwMDAsInJlYWQiOjMwMDAwMDAwMDAwMCwidXBkYXRlIjoxODAwMDAwMDAwMDAwfX0=",
          "dependencies": [
            "module.module_uat.azurerm_resource_group.rg"
          ]
        }
      ]
    },
    {
      "module": "module.module_uat",
      "mode": "managed",
      "type": "azurerm_network_security_rule",
      "name": "rdp",
      "provider": "module.module_uat.provider[\"registry.terraform.io/hashicorp/azurerm\"]",
      "instances": [
        {
          "schema_version": 0,
          "attributes": {
            "access": "Allow",
            "description": "",
            "destination_address_prefix": "*",
            "destination_address_prefixes": [],
            "destination_application_security_group_ids": [],
            "destination_port_range": "3389",
            "destination_port_ranges": [],
            "direction": "Inbound",
            "id": "/subscriptions/28a659e3-7f8b-4051-8037-2fc40fed19d3/resourceGroups/UATRG/providers/Microsoft.Network/networkSecurityGroups/uat-nsg1/securityRules/rdp",
            "name": "rdp",
            "network_security_group_name": "uat-nsg1",
            "priority": 102,
            "protocol": "Tcp",
            "resource_group_name": "UATRG",
            "source_address_prefix": "*",
            "source_address_prefixes": [],
            "source_application_security_group_ids": [],
            "source_port_range": "*",
            "source_port_ranges": [],
            "timeouts": null
          },
          "sensitive_attributes": [],
          "private": "eyJlMmJmYjczMC1lY2FhLTExZTYtOGY4OC0zNDM2M2JjN2M0YzAiOnsiY3JlYXRlIjoxODAwMDAwMDAwMDAwLCJkZWxldGUiOjE4MDAwMDAwMDAwMDAsInJlYWQiOjMwMDAwMDAwMDAwMCwidXBkYXRlIjoxODAwMDAwMDAwMDAwfX0=",
          "dependencies": [
            "module.module_uat.azurerm_network_security_group.nsg1",
            "module.module_uat.azurerm_resource_group.rg"
          ]
        }
      ]
    },
    {
      "module": "module.module_uat",
      "mode": "managed",
      "type": "azurerm_resource_group",
      "name": "rg",
      "provider": "module.module_uat.provider[\"registry.terraform.io/hashicorp/azurerm\"]",
      "instances": [
        {
          "schema_version": 0,
          "attributes": {
            "id": "/subscriptions/28a659e3-7f8b-4051-8037-2fc40fed19d3/resourceGroups/UATRG",
            "location": "eastus",
            "name": "UATRG",
            "tags": {
              "Environment": "Terraform Demo"
            },
            "timeouts": null
          },
          "sensitive_attributes": [],
          "private": "eyJlMmJmYjczMC1lY2FhLTExZTYtOGY4OC0zNDM2M2JjN2M0YzAiOnsiY3JlYXRlIjo1NDAwMDAwMDAwMDAwLCJkZWxldGUiOjU0MDAwMDAwMDAwMDAsInJlYWQiOjMwMDAwMDAwMDAwMCwidXBkYXRlIjo1NDAwMDAwMDAwMDAwfX0="
        }
      ]
    },
    {
      "module": "module.module_uat",
      "mode": "managed",
      "type": "azurerm_subnet",
      "name": "subnet1",
      "provider": "module.module_uat.provider[\"registry.terraform.io/hashicorp/azurerm\"]",
      "instances": [
        {
          "schema_version": 0,
          "attributes": {
            "address_prefixes": [
              "10.30.1.0/24"
            ],
            "delegation": [],
            "enforce_private_link_endpoint_network_policies": false,
            "enforce_private_link_service_network_policies": false,
            "id": "/subscriptions/28a659e3-7f8b-4051-8037-2fc40fed19d3/resourceGroups/UATRG/providers/Microsoft.Network/virtualNetworks/uat-10/subnets/UATSubnet",
            "name": "UATSubnet",
            "resource_group_name": "UATRG",
            "service_endpoint_policy_ids": [],
            "service_endpoints": [],
            "timeouts": null,
            "virtual_network_name": "uat-10"
          },
          "sensitive_attributes": [],
          "private": "eyJlMmJmYjczMC1lY2FhLTExZTYtOGY4OC0zNDM2M2JjN2M0YzAiOnsiY3JlYXRlIjoxODAwMDAwMDAwMDAwLCJkZWxldGUiOjE4MDAwMDAwMDAwMDAsInJlYWQiOjMwMDAwMDAwMDAwMCwidXBkYXRlIjoxODAwMDAwMDAwMDAwfX0=",
          "dependencies": [
            "module.module_uat.azurerm_resource_group.rg",
            "module.module_uat.azurerm_virtual_network.vnet1"
          ]
        }
      ]
    },
    {
      "module": "module.module_uat",
      "mode": "managed",
      "type": "azurerm_subnet_network_security_group_association",
      "name": "nsg_subnet_assoc",
      "provider": "module.module_uat.provider[\"registry.terraform.io/hashicorp/azurerm\"]",
      "instances": [
        {
          "schema_version": 0,
          "attributes": {
            "id": "/subscriptions/28a659e3-7f8b-4051-8037-2fc40fed19d3/resourceGroups/UATRG/providers/Microsoft.Network/virtualNetworks/uat-10/subnets/UATSubnet",
            "network_security_group_id": "/subscriptions/28a659e3-7f8b-4051-8037-2fc40fed19d3/resourceGroups/UATRG/providers/Microsoft.Network/networkSecurityGroups/uat-nsg1",
            "subnet_id": "/subscriptions/28a659e3-7f8b-4051-8037-2fc40fed19d3/resourceGroups/UATRG/providers/Microsoft.Network/virtualNetworks/uat-10/subnets/UATSubnet",
            "timeouts": null
          },
          "sensitive_attributes": [],
          "private": "eyJlMmJmYjczMC1lY2FhLTExZTYtOGY4OC0zNDM2M2JjN2M0YzAiOnsiY3JlYXRlIjoxODAwMDAwMDAwMDAwLCJkZWxldGUiOjE4MDAwMDAwMDAwMDAsInJlYWQiOjMwMDAwMDAwMDAwMCwidXBkYXRlIjoxODAwMDAwMDAwMDAwfX0=",
          "dependencies": [
            "module.module_uat.azurerm_network_security_group.nsg1",
            "module.module_uat.azurerm_resource_group.rg",
            "module.module_uat.azurerm_subnet.subnet1",
            "module.module_uat.azurerm_virtual_network.vnet1"
          ]
        }
      ]
    },
    {
      "module": "module.module_uat",
      "mode": "managed",
      "type": "azurerm_virtual_network",
      "name": "vnet1",
      "provider": "module.module_uat.provider[\"registry.terraform.io/hashicorp/azurerm\"]",
      "instances": [
        {
          "schema_version": 0,
          "attributes": {
            "address_space": [
              "10.30.0.0/16"
            ],
            "bgp_community": "",
            "ddos_protection_plan": [],
            "dns_servers": [],
            "edge_zone": "",
            "flow_timeout_in_minutes": 0,
            "guid": "62a24995-fb5b-4bdb-b8b5-3ec6b5ef70ce",
            "id": "/subscriptions/28a659e3-7f8b-4051-8037-2fc40fed19d3/resourceGroups/UATRG/providers/Microsoft.Network/virtualNetworks/uat-10",
            "location": "eastus",
            "name": "uat-10",
            "resource_group_name": "UATRG",
            "subnet": [
              {
                "address_prefix": "10.30.1.0/24",
                "id": "/subscriptions/28a659e3-7f8b-4051-8037-2fc40fed19d3/resourceGroups/UATRG/providers/Microsoft.Network/virtualNetworks/uat-10/subnets/UATSubnet",
                "name": "UATSubnet",
                "security_group": "/subscriptions/28a659e3-7f8b-4051-8037-2fc40fed19d3/resourceGroups/UATRG/providers/Microsoft.Network/networkSecurityGroups/uat-nsg1"
              }
            ],
            "tags": {},
            "timeouts": null
          },
          "sensitive_attributes": [],
          "private": "eyJlMmJmYjczMC1lY2FhLTExZTYtOGY4OC0zNDM2M2JjN2M0YzAiOnsiY3JlYXRlIjoxODAwMDAwMDAwMDAwLCJkZWxldGUiOjE4MDAwMDAwMDAwMDAsInJlYWQiOjMwMDAwMDAwMDAwMCwidXBkYXRlIjoxODAwMDAwMDAwMDAwfX0=",
          "dependencies": [
            "module.module_uat.azurerm_resource_group.rg"
          ]
        }
      ]
    },
    {
      "module": "module.module_uat",
      "mode": "managed",
      "type": "azurerm_windows_virtual_machine",
      "name": "main",
      "provider": "module.module_uat.provider[\"registry.terraform.io/hashicorp/azurerm\"]",
      "instances": [
        {
          "schema_version": 0,
          "attributes": {
            "additional_capabilities": [],
            "additional_unattend_content": [],
            "admin_password": "Password123!",
            "admin_username": "adminuser",
            "allow_extension_operations": true,
            "availability_set_id": "",
            "boot_diagnostics": [],
            "computer_name": "uat-vmt01",
            "custom_data": null,
            "dedicated_host_group_id": "",
            "dedicated_host_id": "",
            "edge_zone": "",
            "enable_automatic_updates": true,
            "encryption_at_host_enabled": false,
            "eviction_policy": "",
            "extensions_time_budget": "PT1H30M",
            "hotpatching_enabled": false,
            "id": "/subscriptions/28a659e3-7f8b-4051-8037-2fc40fed19d3/resourceGroups/UATRG/providers/Microsoft.Compute/virtualMachines/uat-vmt01",
            "identity": [],
            "license_type": "",
            "location": "eastus",
            "max_bid_price": -1,
            "name": "uat-vmt01",
            "network_interface_ids": [
              "/subscriptions/28a659e3-7f8b-4051-8037-2fc40fed19d3/resourceGroups/UATRG/providers/Microsoft.Network/networkInterfaces/uat-nic"
            ],
            "os_disk": [
              {
                "caching": "ReadWrite",
                "diff_disk_settings": [],
                "disk_encryption_set_id": "",
                "disk_size_gb": 127,
                "name": "uat-vmt01_OsDisk_1_bcb5005c27354606a0848adf7304b3b9",
                "storage_account_type": "Standard_LRS",
                "write_accelerator_enabled": false
              }
            ],
            "patch_mode": "AutomaticByOS",
            "plan": [],
            "platform_fault_domain": -1,
            "priority": "Regular",
            "private_ip_address": "10.30.1.4",
            "private_ip_addresses": [
              "10.30.1.4"
            ],
            "provision_vm_agent": true,
            "proximity_placement_group_id": "",
            "public_ip_address": "",
            "public_ip_addresses": [],
            "resource_group_name": "UATRG",
            "secret": [],
            "secure_boot_enabled": false,
            "size": "Standard_B1s",
            "source_image_id": "",
            "source_image_reference": [
              {
                "offer": "WindowsServer",
                "publisher": "MicrosoftWindowsServer",
                "sku": "2012-R2-Datacenter",
                "version": "latest"
              }
            ],
            "tags": {},
            "termination_notification": [],
            "timeouts": null,
            "timezone": "",
            "user_data": "",
            "virtual_machine_id": "68b23b3a-d93d-4918-b8e0-575769df3c1c",
            "virtual_machine_scale_set_id": "",
            "vtpm_enabled": false,
            "winrm_listener": [],
            "zone": ""
          },
          "sensitive_attributes": [],
          "private": "eyJlMmJmYjczMC1lY2FhLTExZTYtOGY4OC0zNDM2M2JjN2M0YzAiOnsiY3JlYXRlIjoyNzAwMDAwMDAwMDAwLCJkZWxldGUiOjI3MDAwMDAwMDAwMDAsInJlYWQiOjMwMDAwMDAwMDAwMCwidXBkYXRlIjoyNzAwMDAwMDAwMDAwfX0=",
          "dependencies": [
            "module.module_uat.azurerm_network_interface.nic1",
            "module.module_uat.azurerm_resource_group.rg",
            "module.module_uat.azurerm_subnet.subnet1",
            "module.module_uat.azurerm_virtual_network.vnet1"
          ]
        }
      ]
    }
  ],
  "check_results": null
}
